
Microsoft Visual Studio Solution File, Format Version 12.00
# Visual Studio Version 17
VisualStudioVersion = 17.9.34728.123
MinimumVisualStudioVersion = 10.0.40219.1
Project("{8BC9CEB8-8B4A-11D0-8D11-00A0C91BC942}") = "Store_c_plus_plus", "Store_c_plus_plus.vcxproj", "{FFF62B6B-2257-4D88-875A-E83764D28574}"
EndProject
Global
	GlobalSection(SolutionConfigurationPlatforms) = preSolution
		Debug|x64 = Debug|x64
		Debug|x86 = Debug|x86
		Release|x64 = Release|x64
		Release|x86 = Release|x86
	EndGlobalSection
	GlobalSection(ProjectConfigurationPlatforms) = postSolution
		{FFF62B6B-2257-4D88-875A-E83764D28574}.Debug|x64.ActiveCfg = Debug|x64
		{FFF62B6B-2257-4D88-875A-E83764D28574}.Debug|x64.Build.0 = Debug|x64
		{FFF62B6B-2257-4D88-875A-E83764D28574}.Debug|x86.ActiveCfg = Debug|Win32
		{FFF62B6B-2257-4D88-875A-E83764D28574}.Debug|x86.Build.0 = Debug|Win32
		{FFF62B6B-2257-4D88-875A-E83764D28574}.Release|x64.ActiveCfg = Release|x64
		{FFF62B6B-2257-4D88-875A-E83764D28574}.Release|x64.Build.0 = Release|x64
		{FFF62B6B-2257-4D88-875A-E83764D28574}.Release|x86.ActiveCfg = Release|Win32
		{FFF62B6B-2257-4D88-875A-E83764D28574}.Release|x86.Build.0 = Release|Win32
	EndGlobalSection
	GlobalSection(SolutionProperties) = preSolution
		HideSolutionNode = FALSE
	EndGlobalSection
	GlobalSection(ExtensibilityGlobals) = postSolution
		SolutionGuid = {0AA32F97-C616-4E10-B9C8-B99F2CEE614F}
	EndGlobalSection
EndGlobal
